// !$*UTF8*$!
{
	archiveVersion = 1;
	classes = {
	};
	objectVersion = 46;
	objects = {

/* Begin PBXBuildFile section */
		A05C05FC1826B62C00A23960 /* UIKit.framework in Frameworks */ = {isa = PBXBuildFile; fileRef = A05C05FB1826B62C00A23960 /* UIKit.framework */; };
		A05C05FE1826B62C00A23960 /* Foundation.framework in Frameworks */ = {isa = PBXBuildFile; fileRef = A05C05FD1826B62C00A23960 /* Foundation.framework */; };
		A05C06001826B62C00A23960 /* CoreGraphics.framework in Frameworks */ = {isa = PBXBuildFile; fileRef = A05C05FF1826B62C00A23960 /* CoreGraphics.framework */; };
		A05C06061826B62C00A23960 /* InfoPlist.strings in Resources */ = {isa = PBXBuildFile; fileRef = A05C06041826B62C00A23960 /* InfoPlist.strings */; };
		A05C06081826B62C00A23960 /* main.m in Sources */ = {isa = PBXBuildFile; fileRef = A05C06071826B62C00A23960 /* main.m */; };
		A05C060C1826B62C00A23960 /* AppDelegate.m in Sources */ = {isa = PBXBuildFile; fileRef = A05C060B1826B62C00A23960 /* AppDelegate.m */; };
		A05C060E1826B62C00A23960 /* Default.png in Resources */ = {isa = PBXBuildFile; fileRef = A05C060D1826B62C00A23960 /* Default.png */; };
		A05C06101826B62C00A23960 /* Default@2x.png in Resources */ = {isa = PBXBuildFile; fileRef = A05C060F1826B62C00A23960 /* Default@2x.png */; };
		A05C06121826B62C00A23960 /* Default-568h@2x.png in Resources */ = {isa = PBXBuildFile; fileRef = A05C06111826B62C00A23960 /* Default-568h@2x.png */; };
		A05C06151826B62C00A23960 /* ViewController.m in Sources */ = {isa = PBXBuildFile; fileRef = A05C06141826B62C00A23960 /* ViewController.m */; };
		A05C06181826B62C00A23960 /* ViewController.xib in Resources */ = {isa = PBXBuildFile; fileRef = A05C06161826B62C00A23960 /* ViewController.xib */; };
/* End PBXBuildFile section */

/* Begin PBXFileReference section */
		A05C05F81826B62C00A23960 /* TestTableView.app */ = {isa = PBXFileReference; explicitFileType = wrapper.application; includeInIndex = 0; path = TestTableView.app; sourceTree = BUILT_PRODUCTS_DIR; };
		A05C05FB1826B62C00A23960 /* UIKit.framework */ = {isa = PBXFileReference; lastKnownFileType = wrapper.framework; name = UIKit.framework; path = System/Library/Frameworks/UIKit.framework; sourceTree = SDKROOT; };
		A05C05FD1826B62C00A23960 /* Foundation.framework */ = {isa = PBXFileReference; lastKnownFileType = wrapper.framework; name = Foundation.framework; path = System/Library/Frameworks/Foundation.framework; sourceTree = SDKROOT; };
		A05C05FF1826B62C00A23960 /* CoreGraphics.framework */ = {isa = PBXFileReference; lastKnownFileType = wrapper.framework; name = CoreGraphics.framework; path = System/Library/Frameworks/CoreGraphics.framework; sourceTree = SDKROOT; };
		A05C06031826B62C00A23960 /* TestTableView-Info.plist */ = {isa = PBXFileReference; lastKnownFileType = text.plist.xml; path = "TestTableView-Info.plist"; sourceTree = "<group>"; };
		A05C06051826B62C00A23960 /* en */ = {isa = PBXFileReference; lastKnownFileType = text.plist.strings; name = en; path = en.lproj/InfoPlist.strings; sourceTree = "<group>"; };
		A05C06071826B62C00A23960 /* main.m */ = {isa = PBXFileReference; lastKnownFileType = sourcecode.c.objc; path = main.m; sourceTree = "<group>"; };
		A05C06091826B62C00A23960 /* TestTableView-Prefix.pch */ = {isa = PBXFileReference; lastKnownFileType = sourcecode.c.h; path = "TestTableView-Prefix.pch"; sourceTree = "<group>"; };
		A05C060A1826B62C00A23960 /* AppDelegate.h */ = {isa = PBXFileReference; lastKnownFileType = sourcecode.c.h; path = AppDelegate.h; sourceTree = "<group>"; };
		A05C060B1826B62C00A23960 /* AppDelegate.m */ = {isa = PBXFileReference; lastKnownFileType = sourcecode.c.objc; path = AppDelegate.m; sourceTree = "<group>"; };
		A05C060D1826B62C00A23960 /* Default.png */ = {isa = PBXFileReference; lastKnownFileType = image.png; path = Default.png; sourceTree = "<group>"; };
		A05C060F1826B62C00A23960 /* Default@2x.png */ = {isa = PBXFileReference; lastKnownFileType = image.png; path = "Default@2x.png"; sourceTree = "<group>"; };
		A05C06111826B62C00A23960 /* Default-568h@2x.png */ = {isa = PBXFileReference; lastKnownFileType = image.png; path = "Default-568h@2x.png"; sourceTree = "<group>"; };
		A05C06131826B62C00A23960 /* ViewController.h */ = {isa = PBXFileReference; lastKnownFileType = sourcecode.c.h; path = ViewController.h; sourceTree = "<group>"; };
		A05C06141826B62C00A23960 /* ViewController.m */ = {isa = PBXFileReference; lastKnownFileType = sourcecode.c.objc; path = ViewController.m; sourceTree = "<group>"; };
		A05C06171826B62C00A23960 /* en */ = {isa = PBXFileReference; lastKnownFileType = file.xib; name = en; path = en.lproj/ViewController.xib; sourceTree = "<group>"; };
/* End PBXFileReference section */

/* Begin PBXFrameworksBuildPhase section */
		A05C05F51826B62C00A23960 /* Frameworks */ = {
			isa = PBXFrameworksBuildPhase;
			buildActionMask = 2147483647;
			files = (
				A05C05FC1826B62C00A23960 /* UIKit.framework in Frameworks */,
				A05C05FE1826B62C00A23960 /* Foundation.framework in Frameworks */,
				A05C06001826B62C00A23960 /* CoreGraphics.framework in Frameworks */,
			);
			runOnlyForDeploymentPostprocessing = 0;
		};
/* End PBXFrameworksBuildPhase section */

/* Begin PBXGroup section */
		A05C05EF1826B62C00A23960 = {
			isa = PBXGroup;
			children = (
				A05C06011826B62C00A23960 /* TestTableView */,
				A05C05FA1826B62C00A23960 /* Frameworks */,
				A05C05F91826B62C00A23960 /* Products */,
			);
			sourceTree = "<group>";
		};
		A05C05F91826B62C00A23960 /* Products */ = {
			isa = PBXGroup;
			children = (
				A05C05F81826B62C00A23960 /* TestTableView.app */,
			);
			name = Products;
			sourceTree = "<group>";
		};
		A05C05FA1826B62C00A23960 /* Frameworks */ = {
			isa = PBXGroup;
			children = (
				A05C05FB1826B62C00A23960 /* UIKit.framework */,
				A05C05FD1826B62C00A23960 /* Foundation.framework */,
				A05C05FF1826B62C00A23960 /* CoreGraphics.framework */,
			);
			name = Frameworks;
			sourceTree = "<group>";
		};
		A05C06011826B62C00A23960 /* TestTableView */ = {
			isa = PBXGroup;
			children = (
				A05C060A1826B62C00A23960 /* AppDelegate.h */,
				A05C060B1826B62C00A23960 /* AppDelegate.m */,
				A05C06131826B62C00A23960 /* ViewController.h */,
				A05C06141826B62C00A23960 /* ViewController.m */,
				A05C06161826B62C00A23960 /* ViewController.xib */,
				A05C06021826B62C00A23960 /* Supporting Files */,
			);
			path = TestTableView;
			sourceTree = "<group>";
		};
		A05C06021826B62C00A23960 /* Supporting Files */ = {
			isa = PBXGroup;
			children = (
				A05C06031826B62C00A23960 /* TestTableView-Info.plist */,
				A05C06041826B62C00A23960 /* InfoPlist.strings */,
				A05C06071826B62C00A23960 /* main.m */,
				A05C06091826B62C00A23960 /* TestTableView-Prefix.pch */,
				A05C060D1826B62C00A23960 /* Default.png */,
				A05C060F1826B62C00A23960 /* Default@2x.png */,
				A05C06111826B62C00A23960 /* Default-568h@2x.png */,
			);
			name = "Supporting Files";
			sourceTree = "<group>";
		};
/* End PBXGroup section */

/* Begin PBXNativeTarget section */
		A05C05F71826B62C00A23960 /* TestTableView */ = {
			isa = PBXNativeTarget;
			buildConfigurationList = A05C061B1826B62C00A23960 /* Build configuration list for PBXNativeTarget "TestTableView" */;
			buildPhases = (
				A05C05F41826B62C00A23960 /* Sources */,
				A05C05F51826B62C00A23960 /* Frameworks */,
				A05C05F61826B62C00A23960 /* Resources */,
			);
			buildRules = (
			);
			dependencies = (
			);
			name = TestTableView;
			productName = TestTableView;
			productReference = A05C05F81826B62C00A23960 /* TestTableView.app */;
			productType = "com.apple.product-type.application";
		};
/* End PBXNativeTarget section */

/* Begin PBXProject section */
		A05C05F01826B62C00A23960 /* Project object */ = {
			isa = PBXProject;
			attributes = {
				LastUpgradeCheck = 0460;
				ORGANIZATIONNAME = "Masud Shuvo";
			};
			buildConfigurationList = A05C05F31826B62C00A23960 /* Build configuration list for PBXProject "TestTableView" */;
			compatibilityVersion = "Xcode 3.2";
			developmentRegion = English;
			hasScannedForEncodings = 0;
			knownRegions = (
				en,
			);
			mainGroup = A05C05EF1826B62C00A23960;
			productRefGroup = A05C05F91826B62C00A23960 /* Products */;
			projectDirPath = "";
			projectRoot = "";
			targets = (
				A05C05F71826B62C00A23960 /* TestTableView */,
			);
		};
/* End PBXProject section */

/* Begin PBXResourcesBuildPhase section */
		A05C05F61826B62C00A23960 /* Resources */ = {
			isa = PBXResourcesBuildPhase;
			buildActionMask = 2147483647;
			files = (
				A05C06061826B62C00A23960 /* InfoPlist.strings in Resources */,
				A05C060E1826B62C00A23960 /* Default.png in Resources */,
				A05C06101826B62C00A23960 /* Default@2x.png in Resources */,
				A05C06121826B62C00A23960 /* Default-568h@2x.png in Resources */,
				A05C06181826B62C00A23960 /* ViewController.xib in Resources */,
			);
			runOnlyForDeploymentPostprocessing = 0;
		};
/* End PBXResourcesBuildPhase section */

/* Begin PBXSourcesBuildPhase section */
		A05C05F41826B62C00A23960 /* Sources */ = {
			isa = PBXSourcesBuildPhase;
			buildActionMask = 2147483647;
			files = (
				A05C06081826B62C00A23960 /* main.m in Sources */,
				A05C060C1826B62C00A23960 /* AppDelegate.m in Sources */,
				A05C06151826B62C00A23960 /* ViewController.m in Sources */,
			);
			runOnlyForDeploymentPostprocessing = 0;
		};
/* End PBXSourcesBuildPhase section */

/* Begin PBXVariantGroup section */
		A05C06041826B62C00A23960 /* InfoPlist.strings */ = {
			isa = PBXVariantGroup;
			children = (
				A05C06051826B62C00A23960 /* en */,
			);
			name = InfoPlist.strings;
			sourceTree = "<group>";
		};
		A05C06161826B62C00A23960 /* ViewController.xib */ = {
			isa = PBXVariantGroup;
			children = (
				A05C06171826B62C00A23960 /* en */,
			);
			name = ViewController.xib;
			sourceTree = "<group>";
		};
/* End PBXVariantGroup section */

/* Begin XCBuildConfiguration section */
		A05C06191826B62C00A23960 /* Debug */ = {
			isa = XCBuildConfiguration;
			buildSettings = {
				ALWAYS_SEARCH_USER_PATHS = NO;
				CLANG_CXX_LANGUAGE_STANDARD = "gnu++0x";
				CLANG_CXX_LIBRARY = "libc++";
				CLANG_WARN_CONSTANT_CONVERSION = YES;
				CLANG_WARN_EMPTY_BODY = YES;
				CLANG_WARN_ENUM_CONVERSION = YES;
				CLANG_WARN_INT_CONVERSION = YES;
				CLANG_WARN__DUPLICATE_METHOD_MATCH = YES;
				"CODE_SIGN_IDENTITY[sdk=iphoneos*]" = "iPhone Developer";
				COPY_PHASE_STRIP = NO;
				GCC_C_LANGUAGE_STANDARD = gnu99;
				GCC_DYNAMIC_NO_PIC = NO;
				GCC_OPTIMIZATION_LEVEL = 0;
				GCC_PREPROCESSOR_DEFINITIONS = (
					"DEBUG=1",
					"$(inherited)",
				);
				GCC_SYMBOLS_PRIVATE_EXTERN = NO;
				GCC_WARN_ABOUT_RETURN_TYPE = YES;
				GCC_WARN_UNINITIALIZED_AUTOS = YES;
				GCC_WARN_UNUSED_VARIABLE = YES;
				IPHONEOS_DEPLOYMENT_TARGET = 6.1;
				ONLY_ACTIVE_ARCH = YES;
				SDKROOT = iphoneos;
			};
			name = Debug;
		};
		A05C061A1826B62C00A23960 /* Release */ = {
			isa = XCBuildConfiguration;
			buildSettings = {
				ALWAYS_SEARCH_USER_PATHS = NO;
				CLANG_CXX_LANGUAGE_STANDARD = "gnu++0x";
				CLANG_CXX_LIBRARY = "libc++";
				CLANG_WARN_CONSTANT_CONVERSION = YES;
				CLANG_WARN_EMPTY_BODY = YES;
				CLANG_WARN_ENUM_CONVERSION = YES;
				CLANG_WARN_INT_CONVERSION = YES;
				CLANG_WARN__DUPLICATE_METHOD_MATCH = YES;
				"CODE_SIGN_IDENTITY[sdk=iphoneos*]" = "iPhone Developer";
				COPY_PHASE_STRIP = YES;
				GCC_C_LANGUAGE_STANDARD = gnu99;
				GCC_WARN_ABOUT_RETURN_TYPE = YES;
				GCC_WARN_UNINITIALIZED_AUTOS = YES;
				GCC_WARN_UNUSED_VARIABLE = YES;
				IPHONEOS_DEPLOYMENT_TARGET = 6.1;
				OTHER_CFLAGS = "-DNS_BLOCK_ASSERTIONS=1";
				SDKROOT = iphoneos;
				VALIDATE_PRODUCT = YES;
			};
			name = Release;
		};
		A05C061C1826B62C00A23960 /* Debug */ = {
			isa = XCBuildConfiguration;
			buildSettings = {
				GCC_PRECOMPILE_PREFIX_HEADER = YES;
				GCC_PREFIX_HEADER = "TestTableView/TestTableView-Prefix.pch";
				INFOPLIST_FILE = "TestTableView/TestTableView-Info.plist";
				PRODUCT_NAME = "$(TARGET_NAME)";
				WRAPPER_EXTENSION = app;
			};
			name = Debug;
		};
		A05C061D1826B62C00A23960 /* Release */ = {
			isa = XCBuildConfiguration;
			buildSettings = {
				GCC_PRECOMPILE_PREFIX_HEADER = YES;
				GCC_PREFIX_HEADER = "TestTableView/TestTableView-Prefix.pch";
				INFOPLIST_FILE = "TestTableView/TestTableView-Info.plist";
				PRODUCT_NAME = "$(TARGET_NAME)";
				WRAPPER_EXTENSION = app;
			};
			name = Release;
		};
/* End XCBuildConfiguration section */

/* Begin XCConfigurationList section */
		A05C05F31826B62C00A23960 /* Build configuration list for PBXProject "TestTableView" */ = {
			isa = XCConfigurationList;
			buildConfigurations = (
				A05C06191826B62C00A23960 /* Debug */,
				A05C061A1826B62C00A23960 /* Release */,
			);
			defaultConfigurationIsVisible = 0;
			defaultConfigurationName = Release;
		};
		A05C061B1826B62C00A23960 /* Build configuration list for PBXNativeTarget "TestTableView" */ = {
			isa = XCConfigurationList;
			buildConfigurations = (
				A05C061C1826B62C00A23960 /* Debug */,
				A05C061D1826B62C00A23960 /* Release */,
			);
			defaultConfigurationIsVisible = 0;
		};
/* End XCConfigurationList section */
	};
	rootObject = A05C05F01826B62C00A23960 /* Project object */;
}
